// !$*UTF8*$!
{
	archiveVersion = 1;
	classes = {
	};
	objectVersion = 56;
	objects = {

/* Begin PBXBuildFile section */
		AA2DF0F429EEDB4F00FC40B3 /* TrailingIconLabelStyle.swift in Sources */ = {isa = PBXBuildFile; fileRef = AA2DF0F329EEDB4F00FC40B3 /* TrailingIconLabelStyle.swift */; };
		AA2DF0F629EEE0EE00FC40B3 /* ScrumsView.swift in Sources */ = {isa = PBXBuildFile; fileRef = AA2DF0F529EEE0EE00FC40B3 /* ScrumsView.swift */; };
		AA2DF0F829EEE66800FC40B3 /* DetailView.swift in Sources */ = {isa = PBXBuildFile; fileRef = AA2DF0F729EEE66800FC40B3 /* DetailView.swift */; };
		AA2DF0FA29EEEE6600FC40B3 /* DetailEditView.swift in Sources */ = {isa = PBXBuildFile; fileRef = AA2DF0F929EEEE6600FC40B3 /* DetailEditView.swift */; };
		AA5625F729ED992B003C98A8 /* ScrumdingerApp.swift in Sources */ = {isa = PBXBuildFile; fileRef = AA5625F629ED992B003C98A8 /* ScrumdingerApp.swift */; };
		AA5625F929ED992B003C98A8 /* MeetingView.swift in Sources */ = {isa = PBXBuildFile; fileRef = AA5625F829ED992B003C98A8 /* MeetingView.swift */; };
		AA5625FB29ED992D003C98A8 /* Assets.xcassets in Resources */ = {isa = PBXBuildFile; fileRef = AA5625FA29ED992D003C98A8 /* Assets.xcassets */; };
		AA5625FE29ED992D003C98A8 /* Preview Assets.xcassets in Resources */ = {isa = PBXBuildFile; fileRef = AA5625FD29ED992D003C98A8 /* Preview Assets.xcassets */; };
		AA56260629ED9EC6003C98A8 /* Theme.swift in Sources */ = {isa = PBXBuildFile; fileRef = AA56260529ED9EC6003C98A8 /* Theme.swift */; };
		AA56260829ED9F85003C98A8 /* DailyScrum.swift in Sources */ = {isa = PBXBuildFile; fileRef = AA56260729ED9F85003C98A8 /* DailyScrum.swift */; };
		AA56260A29EDA14A003C98A8 /* CardView.swift in Sources */ = {isa = PBXBuildFile; fileRef = AA56260929EDA14A003C98A8 /* CardView.swift */; };
		AA95030129F2E440005D927F /* ErrorWrapper.swift in Sources */ = {isa = PBXBuildFile; fileRef = AA95030029F2E440005D927F /* ErrorWrapper.swift */; };
		AA95030329F2E53B005D927F /* ErrorView.swift in Sources */ = {isa = PBXBuildFile; fileRef = AA95030229F2E53B005D927F /* ErrorView.swift */; };
		AA9BFB9629F18493006E0C8E /* NewScrumSheet.swift in Sources */ = {isa = PBXBuildFile; fileRef = AA9BFB9529F18493006E0C8E /* NewScrumSheet.swift */; };
		AA9BFB9A29F18E57006E0C8E /* History.swift in Sources */ = {isa = PBXBuildFile; fileRef = AA9BFB9929F18E57006E0C8E /* History.swift */; };
		AA9BFB9C29F18FE1006E0C8E /* AVPlayer+Ding.swift in Sources */ = {isa = PBXBuildFile; fileRef = AA9BFB9B29F18FE1006E0C8E /* AVPlayer+Ding.swift */; };
		AA9BFBA129F1907B006E0C8E /* ding.wav in Resources */ = {isa = PBXBuildFile; fileRef = AA9BFBA029F1907B006E0C8E /* ding.wav */; };
		AA9BFBA429F19588006E0C8E /* ScrumStore.swift in Sources */ = {isa = PBXBuildFile; fileRef = AA9BFBA329F19588006E0C8E /* ScrumStore.swift */; };
		AAA41AFA29F04384002C442D /* ScrumProgressViewStyle.swift in Sources */ = {isa = PBXBuildFile; fileRef = AAA41AF929F04384002C442D /* ScrumProgressViewStyle.swift */; };
		AAA41AFC29F04482002C442D /* ScrumTimer.swift in Sources */ = {isa = PBXBuildFile; fileRef = AAA41AFB29F04482002C442D /* ScrumTimer.swift */; };
		AAA41AFE29F04641002C442D /* MeetingFooterView.swift in Sources */ = {isa = PBXBuildFile; fileRef = AAA41AFD29F04641002C442D /* MeetingFooterView.swift */; };
		AABC76B529F6B33800CC862A /* MeetingTimerView.swift in Sources */ = {isa = PBXBuildFile; fileRef = AABC76B429F6B33800CC862A /* MeetingTimerView.swift */; };
		AAFCE6FC29F0297900BAC832 /* ThemeView.swift in Sources */ = {isa = PBXBuildFile; fileRef = AAFCE6FB29F0297900BAC832 /* ThemeView.swift */; };
		AAFCE70029F02AFC00BAC832 /* ThemePicker.swift in Sources */ = {isa = PBXBuildFile; fileRef = AAFCE6FF29F02AFC00BAC832 /* ThemePicker.swift */; };
		AAFCE70229F03CA600BAC832 /* MeetingHeaderView.swift in Sources */ = {isa = PBXBuildFile; fileRef = AAFCE70129F03CA600BAC832 /* MeetingHeaderView.swift */; };
/* End PBXBuildFile section */

/* Begin PBXFileReference section */
		AA2DF0F329EEDB4F00FC40B3 /* TrailingIconLabelStyle.swift */ = {isa = PBXFileReference; lastKnownFileType = sourcecode.swift; path = TrailingIconLabelStyle.swift; sourceTree = "<group>"; };
		AA2DF0F529EEE0EE00FC40B3 /* ScrumsView.swift */ = {isa = PBXFileReference; lastKnownFileType = sourcecode.swift; path = ScrumsView.swift; sourceTree = "<group>"; };
		AA2DF0F729EEE66800FC40B3 /* DetailView.swift */ = {isa = PBXFileReference; lastKnownFileType = sourcecode.swift; path = DetailView.swift; sourceTree = "<group>"; };
		AA2DF0F929EEEE6600FC40B3 /* DetailEditView.swift */ = {isa = PBXFileReference; lastKnownFileType = sourcecode.swift; path = DetailEditView.swift; sourceTree = "<group>"; };
		AA5625F329ED992B003C98A8 /* Scrumdinger.app */ = {isa = PBXFileReference; explicitFileType = wrapper.application; includeInIndex = 0; path = Scrumdinger.app; sourceTree = BUILT_PRODUCTS_DIR; };
		AA5625F629ED992B003C98A8 /* ScrumdingerApp.swift */ = {isa = PBXFileReference; lastKnownFileType = sourcecode.swift; path = ScrumdingerApp.swift; sourceTree = "<group>"; };
		AA5625F829ED992B003C98A8 /* MeetingView.swift */ = {isa = PBXFileReference; lastKnownFileType = sourcecode.swift; path = MeetingView.swift; sourceTree = "<group>"; };
		AA5625FA29ED992D003C98A8 /* Assets.xcassets */ = {isa = PBXFileReference; lastKnownFileType = folder.assetcatalog; path = Assets.xcassets; sourceTree = "<group>"; };
		AA5625FD29ED992D003C98A8 /* Preview Assets.xcassets */ = {isa = PBXFileReference; lastKnownFileType = folder.assetcatalog; path = "Preview Assets.xcassets"; sourceTree = "<group>"; };
		AA56260529ED9EC6003C98A8 /* Theme.swift */ = {isa = PBXFileReference; lastKnownFileType = sourcecode.swift; path = Theme.swift; sourceTree = "<group>"; };
		AA56260729ED9F85003C98A8 /* DailyScrum.swift */ = {isa = PBXFileReference; lastKnownFileType = sourcecode.swift; path = DailyScrum.swift; sourceTree = "<group>"; };
		AA56260929EDA14A003C98A8 /* CardView.swift */ = {isa = PBXFileReference; lastKnownFileType = sourcecode.swift; path = CardView.swift; sourceTree = "<group>"; };
		AA95030029F2E440005D927F /* ErrorWrapper.swift */ = {isa = PBXFileReference; lastKnownFileType = sourcecode.swift; path = ErrorWrapper.swift; sourceTree = "<group>"; };
		AA95030229F2E53B005D927F /* ErrorView.swift */ = {isa = PBXFileReference; lastKnownFileType = sourcecode.swift; path = ErrorView.swift; sourceTree = "<group>"; };
		AA9BFB9529F18493006E0C8E /* NewScrumSheet.swift */ = {isa = PBXFileReference; lastKnownFileType = sourcecode.swift; path = NewScrumSheet.swift; sourceTree = "<group>"; };
		AA9BFB9929F18E57006E0C8E /* History.swift */ = {isa = PBXFileReference; lastKnownFileType = sourcecode.swift; path = History.swift; sourceTree = "<group>"; };
		AA9BFB9B29F18FE1006E0C8E /* AVPlayer+Ding.swift */ = {isa = PBXFileReference; lastKnownFileType = sourcecode.swift; path = "AVPlayer+Ding.swift"; sourceTree = "<group>"; };
		AA9BFBA029F1907B006E0C8E /* ding.wav */ = {isa = PBXFileReference; lastKnownFileType = audio.wav; path = ding.wav; sourceTree = "<group>"; };
		AA9BFBA329F19588006E0C8E /* ScrumStore.swift */ = {isa = PBXFileReference; lastKnownFileType = sourcecode.swift; path = ScrumStore.swift; sourceTree = "<group>"; };
		AAA41AF929F04384002C442D /* ScrumProgressViewStyle.swift */ = {isa = PBXFileReference; lastKnownFileType = sourcecode.swift; path = ScrumProgressViewStyle.swift; sourceTree = "<group>"; };
		AAA41AFB29F04482002C442D /* ScrumTimer.swift */ = {isa = PBXFileReference; lastKnownFileType = sourcecode.swift; path = ScrumTimer.swift; sourceTree = "<group>"; };
		AAA41AFD29F04641002C442D /* MeetingFooterView.swift */ = {isa = PBXFileReference; lastKnownFileType = sourcecode.swift; path = MeetingFooterView.swift; sourceTree = "<group>"; };
		AABC76B429F6B33800CC862A /* MeetingTimerView.swift */ = {isa = PBXFileReference; lastKnownFileType = sourcecode.swift; path = MeetingTimerView.swift; sourceTree = "<group>"; };
		AAFCE6FB29F0297900BAC832 /* ThemeView.swift */ = {isa = PBXFileReference; lastKnownFileType = sourcecode.swift; path = ThemeView.swift; sourceTree = "<group>"; };
		AAFCE6FF29F02AFC00BAC832 /* ThemePicker.swift */ = {isa = PBXFileReference; lastKnownFileType = sourcecode.swift; path = ThemePicker.swift; sourceTree = "<group>"; };
		AAFCE70129F03CA600BAC832 /* MeetingHeaderView.swift */ = {isa = PBXFileReference; lastKnownFileType = sourcecode.swift; path = MeetingHeaderView.swift; sourceTree = "<group>"; };
/* End PBXFileReference section */

/* Begin PBXFrameworksBuildPhase section */
		AA5625F029ED992B003C98A8 /* Frameworks */ = {
			isa = PBXFrameworksBuildPhase;
			buildActionMask = 2147483647;
			files = (
			);
			runOnlyForDeploymentPostprocessing = 0;
		};
/* End PBXFrameworksBuildPhase section */

/* Begin PBXGroup section */
		AA5625EA29ED992B003C98A8 = {
			isa = PBXGroup;
			children = (
				AA5625F529ED992B003C98A8 /* Scrumdinger */,
				AA5625F429ED992B003C98A8 /* Products */,
			);
			sourceTree = "<group>";
		};
		AA5625F429ED992B003C98A8 /* Products */ = {
			isa = PBXGroup;
			children = (
				AA5625F329ED992B003C98A8 /* Scrumdinger.app */,
			);
			name = Products;
			sourceTree = "<group>";
		};
		AA5625F529ED992B003C98A8 /* Scrumdinger */ = {
			isa = PBXGroup;
			children = (
				AA56260429ED9EAD003C98A8 /* Models */,
				AA9BFBA229F19274006E0C8E /* Views */,
				AA5625F629ED992B003C98A8 /* ScrumdingerApp.swift */,
				AA9BFB9D29F1900B006E0C8E /* Resources */,
				AA5625FA29ED992D003C98A8 /* Assets.xcassets */,
				AA5625FC29ED992D003C98A8 /* Preview Content */,
			);
			path = Scrumdinger;
			sourceTree = "<group>";
		};
		AA5625FC29ED992D003C98A8 /* Preview Content */ = {
			isa = PBXGroup;
			children = (
				AA5625FD29ED992D003C98A8 /* Preview Assets.xcassets */,
			);
			path = "Preview Content";
			sourceTree = "<group>";
		};
		AA56260429ED9EAD003C98A8 /* Models */ = {
			isa = PBXGroup;
			children = (
				AA56260529ED9EC6003C98A8 /* Theme.swift */,
				AA56260729ED9F85003C98A8 /* DailyScrum.swift */,
				AAA41AFB29F04482002C442D /* ScrumTimer.swift */,
				AA9BFB9929F18E57006E0C8E /* History.swift */,
				AA9BFB9B29F18FE1006E0C8E /* AVPlayer+Ding.swift */,
				AA9BFBA329F19588006E0C8E /* ScrumStore.swift */,
				AA95030029F2E440005D927F /* ErrorWrapper.swift */,
			);
			path = Models;
			sourceTree = "<group>";
		};
		AA9BFB9D29F1900B006E0C8E /* Resources */ = {
			isa = PBXGroup;
			children = (
				AA9BFBA029F1907B006E0C8E /* ding.wav */,
			);
			path = Resources;
			sourceTree = "<group>";
		};
		AA9BFBA229F19274006E0C8E /* Views */ = {
			isa = PBXGroup;
			children = (
				AA2DF0F529EEE0EE00FC40B3 /* ScrumsView.swift */,
				AA9BFB9529F18493006E0C8E /* NewScrumSheet.swift */,
				AAA41AF929F04384002C442D /* ScrumProgressViewStyle.swift */,
				AA5625F829ED992B003C98A8 /* MeetingView.swift */,
				AABC76B429F6B33800CC862A /* MeetingTimerView.swift */,
				AAFCE70129F03CA600BAC832 /* MeetingHeaderView.swift */,
				AAA41AFD29F04641002C442D /* MeetingFooterView.swift */,
				AA56260929EDA14A003C98A8 /* CardView.swift */,
				AA2DF0F329EEDB4F00FC40B3 /* TrailingIconLabelStyle.swift */,
				AA2DF0F729EEE66800FC40B3 /* DetailView.swift */,
				AA2DF0F929EEEE6600FC40B3 /* DetailEditView.swift */,
				AAFCE6FB29F0297900BAC832 /* ThemeView.swift */,
				AAFCE6FF29F02AFC00BAC832 /* ThemePicker.swift */,
				AA95030229F2E53B005D927F /* ErrorView.swift */,
			);
			path = Views;
			sourceTree = "<group>";
		};
/* End PBXGroup section */

/* Begin PBXNativeTarget section */
		AA5625F229ED992B003C98A8 /* Scrumdinger */ = {
			isa = PBXNativeTarget;
			buildConfigurationList = AA56260129ED992D003C98A8 /* Build configuration list for PBXNativeTarget "Scrumdinger" */;
			buildPhases = (
				AA5625EF29ED992B003C98A8 /* Sources */,
				AA5625F029ED992B003C98A8 /* Frameworks */,
				AA5625F129ED992B003C98A8 /* Resources */,
			);
			buildRules = (
			);
			dependencies = (
			);
			name = Scrumdinger;
			productName = Scrumdinger;
			productReference = AA5625F329ED992B003C98A8 /* Scrumdinger.app */;
			productType = "com.apple.product-type.application";
		};
/* End PBXNativeTarget section */

/* Begin PBXProject section */
		AA5625EB29ED992B003C98A8 /* Project object */ = {
			isa = PBXProject;
			attributes = {
				BuildIndependentTargetsInParallel = 1;
				LastSwiftUpdateCheck = 1430;
				LastUpgradeCheck = 1430;
				TargetAttributes = {
					AA5625F229ED992B003C98A8 = {
						CreatedOnToolsVersion = 14.3;
					};
				};
			};
			buildConfigurationList = AA5625EE29ED992B003C98A8 /* Build configuration list for PBXProject "Scrumdinger" */;
			compatibilityVersion = "Xcode 14.0";
			developmentRegion = en;
			hasScannedForEncodings = 0;
			knownRegions = (
				en,
				Base,
			);
			mainGroup = AA5625EA29ED992B003C98A8;
			productRefGroup = AA5625F429ED992B003C98A8 /* Products */;
			projectDirPath = "";
			projectRoot = "";
			targets = (
				AA5625F229ED992B003C98A8 /* Scrumdinger */,
			);
		};
/* End PBXProject section */

/* Begin PBXResourcesBuildPhase section */
		AA5625F129ED992B003C98A8 /* Resources */ = {
			isa = PBXResourcesBuildPhase;
			buildActionMask = 2147483647;
			files = (
				AA9BFBA129F1907B006E0C8E /* ding.wav in Resources */,
				AA5625FE29ED992D003C98A8 /* Preview Assets.xcassets in Resources */,
				AA5625FB29ED992D003C98A8 /* Assets.xcassets in Resources */,
			);
			runOnlyForDeploymentPostprocessing = 0;
		};
/* End PBXResourcesBuildPhase section */

/* Begin PBXSourcesBuildPhase section */
		AA5625EF29ED992B003C98A8 /* Sources */ = {
			isa = PBXSourcesBuildPhase;
			buildActionMask = 2147483647;
			files = (
				AA9BFB9A29F18E57006E0C8E /* History.swift in Sources */,
				AAFCE70029F02AFC00BAC832 /* ThemePicker.swift in Sources */,
				AAA41AFA29F04384002C442D /* ScrumProgressViewStyle.swift in Sources */,
				AAA41AFE29F04641002C442D /* MeetingFooterView.swift in Sources */,
				AA95030329F2E53B005D927F /* ErrorView.swift in Sources */,
				AAA41AFC29F04482002C442D /* ScrumTimer.swift in Sources */,
				AABC76B529F6B33800CC862A /* MeetingTimerView.swift in Sources */,
				AA56260829ED9F85003C98A8 /* DailyScrum.swift in Sources */,
				AA9BFBA429F19588006E0C8E /* ScrumStore.swift in Sources */,
				AA2DF0F829EEE66800FC40B3 /* DetailView.swift in Sources */,
				AA95030129F2E440005D927F /* ErrorWrapper.swift in Sources */,
				AA9BFB9C29F18FE1006E0C8E /* AVPlayer+Ding.swift in Sources */,
				AAFCE70229F03CA600BAC832 /* MeetingHeaderView.swift in Sources */,
				AA2DF0FA29EEEE6600FC40B3 /* DetailEditView.swift in Sources */,
				AA2DF0F429EEDB4F00FC40B3 /* TrailingIconLabelStyle.swift in Sources */,
				AA56260629ED9EC6003C98A8 /* Theme.swift in Sources */,
				AA2DF0F629EEE0EE00FC40B3 /* ScrumsView.swift in Sources */,
				AA9BFB9629F18493006E0C8E /* NewScrumSheet.swift in Sources */,
				AA5625F929ED992B003C98A8 /* MeetingView.swift in Sources */,
				AA5625F729ED992B003C98A8 /* ScrumdingerApp.swift in Sources */,
				AAFCE6FC29F0297900BAC832 /* ThemeView.swift in Sources */,
				AA56260A29EDA14A003C98A8 /* CardView.swift in Sources */,
			);
			runOnlyForDeploymentPostprocessing = 0;
		};
/* End PBXSourcesBuildPhase section */

/* Begin XCBuildConfiguration section */
		AA5625FF29ED992D003C98A8 /* Debug */ = {
			isa = XCBuildConfiguration;
			buildSettings = {
				ALWAYS_SEARCH_USER_PATHS = NO;
				CLANG_ANALYZER_NONNULL = YES;
				CLANG_ANALYZER_NUMBER_OBJECT_CONVERSION = YES_AGGRESSIVE;
				CLANG_CXX_LANGUAGE_STANDARD = "gnu++20";
				CLANG_ENABLE_MODULES = YES;
				CLANG_ENABLE_OBJC_ARC = YES;
				CLANG_ENABLE_OBJC_WEAK = YES;
				CLANG_WARN_BLOCK_CAPTURE_AUTORELEASING = YES;
				CLANG_WARN_BOOL_CONVERSION = YES;
				CLANG_WARN_COMMA = YES;
				CLANG_WARN_CONSTANT_CONVERSION = YES;
				CLANG_WARN_DEPRECATED_OBJC_IMPLEMENTATIONS = YES;
				CLANG_WARN_DIRECT_OBJC_ISA_USAGE = YES_ERROR;
				CLANG_WARN_DOCUMENTATION_COMMENTS = YES;
				CLANG_WARN_EMPTY_BODY = YES;
				CLANG_WARN_ENUM_CONVERSION = YES;
				CLANG_WARN_INFINITE_RECURSION = YES;
				CLANG_WARN_INT_CONVERSION = YES;
				CLANG_WARN_NON_LITERAL_NULL_CONVERSION = YES;
				CLANG_WARN_OBJC_IMPLICIT_RETAIN_SELF = YES;
				CLANG_WARN_OBJC_LITERAL_CONVERSION = YES;
				CLANG_WARN_OBJC_ROOT_CLASS = YES_ERROR;
				CLANG_WARN_QUOTED_INCLUDE_IN_FRAMEWORK_HEADER = YES;
				CLANG_WARN_RANGE_LOOP_ANALYSIS = YES;
				CLANG_WARN_STRICT_PROTOTYPES = YES;
				CLANG_WARN_SUSPICIOUS_MOVE = YES;
				CLANG_WARN_UNGUARDED_AVAILABILITY = YES_AGGRESSIVE;
				CLANG_WARN_UNREACHABLE_CODE = YES;
				CLANG_WARN__DUPLICATE_METHOD_MATCH = YES;
				COPY_PHASE_STRIP = NO;
				DEBUG_INFORMATION_FORMAT = dwarf;
				ENABLE_STRICT_OBJC_MSGSEND = YES;
				ENABLE_TESTABILITY = YES;
				GCC_C_LANGUAGE_STANDARD = gnu11;
				GCC_DYNAMIC_NO_PIC = NO;
				GCC_NO_COMMON_BLOCKS = YES;
				GCC_OPTIMIZATION_LEVEL = 0;
				GCC_PREPROCESSOR_DEFINITIONS = (
					"DEBUG=1",
					"$(inherited)",
				);
				GCC_WARN_64_TO_32_BIT_CONVERSION = YES;
				GCC_WARN_ABOUT_RETURN_TYPE = YES_ERROR;
				GCC_WARN_UNDECLARED_SELECTOR = YES;
				GCC_WARN_UNINITIALIZED_AUTOS = YES_AGGRESSIVE;
				GCC_WARN_UNUSED_FUNCTION = YES;
				GCC_WARN_UNUSED_VARIABLE = YES;
				IPHONEOS_DEPLOYMENT_TARGET = 16.4;
				MTL_ENABLE_DEBUG_INFO = INCLUDE_SOURCE;
				MTL_FAST_MATH = YES;
				ONLY_ACTIVE_ARCH = YES;
				SDKROOT = iphoneos;
				SWIFT_ACTIVE_COMPILATION_CONDITIONS = DEBUG;
				SWIFT_OPTIMIZATION_LEVEL = "-Onone";
			};
			name = Debug;
		};
		AA56260029ED992D003C98A8 /* Release */ = {
			isa = XCBuildConfiguration;
			buildSettings = {
				ALWAYS_SEARCH_USER_PATHS = NO;
				CLANG_ANALYZER_NONNULL = YES;
				CLANG_ANALYZER_NUMBER_OBJECT_CONVERSION = YES_AGGRESSIVE;
				CLANG_CXX_LANGUAGE_STANDARD = "gnu++20";
				CLANG_ENABLE_MODULES = YES;
				CLANG_ENABLE_OBJC_ARC = YES;
				CLANG_ENABLE_OBJC_WEAK = YES;
				CLANG_WARN_BLOCK_CAPTURE_AUTORELEASING = YES;
				CLANG_WARN_BOOL_CONVERSION = YES;
				CLANG_WARN_COMMA = YES;
				CLANG_WARN_CONSTANT_CONVERSION = YES;
				CLANG_WARN_DEPRECATED_OBJC_IMPLEMENTATIONS = YES;
				CLANG_WARN_DIRECT_OBJC_ISA_USAGE = YES_ERROR;
				CLANG_WARN_DOCUMENTATION_COMMENTS = YES;
				CLANG_WARN_EMPTY_BODY = YES;
				CLANG_WARN_ENUM_CONVERSION = YES;
				CLANG_WARN_INFINITE_RECURSION = YES;
				CLANG_WARN_INT_CONVERSION = YES;
				CLANG_WARN_NON_LITERAL_NULL_CONVERSION = YES;
				CLANG_WARN_OBJC_IMPLICIT_RETAIN_SELF = YES;
				CLANG_WARN_OBJC_LITERAL_CONVERSION = YES;
				CLANG_WARN_OBJC_ROOT_CLASS = YES_ERROR;
				CLANG_WARN_QUOTED_INCLUDE_IN_FRAMEWORK_HEADER = YES;
				CLANG_WARN_RANGE_LOOP_ANALYSIS = YES;
				CLANG_WARN_STRICT_PROTOTYPES = YES;
				CLANG_WARN_SUSPICIOUS_MOVE = YES;
				CLANG_WARN_UNGUARDED_AVAILABILITY = YES_AGGRESSIVE;
				CLANG_WARN_UNREACHABLE_CODE = YES;
				CLANG_WARN__DUPLICATE_METHOD_MATCH = YES;
				COPY_PHASE_STRIP = NO;
				DEBUG_INFORMATION_FORMAT = "dwarf-with-dsym";
				ENABLE_NS_ASSERTIONS = NO;
				ENABLE_STRICT_OBJC_MSGSEND = YES;
				GCC_C_LANGUAGE_STANDARD = gnu11;
				GCC_NO_COMMON_BLOCKS = YES;
				GCC_WARN_64_TO_32_BIT_CONVERSION = YES;
				GCC_WARN_ABOUT_RETURN_TYPE = YES_ERROR;
				GCC_WARN_UNDECLARED_SELECTOR = YES;
				GCC_WARN_UNINITIALIZED_AUTOS = YES_AGGRESSIVE;
				GCC_WARN_UNUSED_FUNCTION = YES;
				GCC_WARN_UNUSED_VARIABLE = YES;
				IPHONEOS_DEPLOYMENT_TARGET = 16.4;
				MTL_ENABLE_DEBUG_INFO = NO;
				MTL_FAST_MATH = YES;
				SDKROOT = iphoneos;
				SWIFT_COMPILATION_MODE = wholemodule;
				SWIFT_OPTIMIZATION_LEVEL = "-O";
				VALIDATE_PRODUCT = YES;
			};
			name = Release;
		};
		AA56260229ED992D003C98A8 /* Debug */ = {
			isa = XCBuildConfiguration;
			buildSettings = {
				ASSETCATALOG_COMPILER_APPICON_NAME = AppIcon;
				ASSETCATALOG_COMPILER_GLOBAL_ACCENT_COLOR_NAME = AccentColor;
				CODE_SIGN_STYLE = Automatic;
				CURRENT_PROJECT_VERSION = 1;
				DEVELOPMENT_ASSET_PATHS = "\"Scrumdinger/Preview Content\"";
				ENABLE_PREVIEWS = YES;
				GENERATE_INFOPLIST_FILE = YES;
				INFOPLIST_KEY_UIApplicationSceneManifest_Generation = YES;
				INFOPLIST_KEY_UIApplicationSupportsIndirectInputEvents = YES;
				INFOPLIST_KEY_UILaunchScreen_Generation = YES;
				INFOPLIST_KEY_UISupportedInterfaceOrientations_iPad = "UIInterfaceOrientationPortrait UIInterfaceOrientationPortraitUpsideDown UIInterfaceOrientationLandscapeLeft UIInterfaceOrientationLandscapeRight";
				INFOPLIST_KEY_UISupportedInterfaceOrientations_iPhone = "UIInterfaceOrientationPortrait UIInterfaceOrientationLandscapeLeft UIInterfaceOrientationLandscapeRight";
				LD_RUNPATH_SEARCH_PATHS = (
					"$(inherited)",
					"@executable_path/Frameworks",
				);
				MARKETING_VERSION = 1.0;
				PRODUCT_BUNDLE_IDENTIFIER = com.shermandigital.Scrumdinger;
				PRODUCT_NAME = "$(TARGET_NAME)";
				SWIFT_EMIT_LOC_STRINGS = YES;
				SWIFT_VERSION = 5.0;
				TARGETED_DEVICE_FAMILY = "1,2";
			};
			name = Debug;
		};
		AA56260329ED992D003C98A8 /* Release */ = {
			isa = XCBuildConfiguration;
			buildSettings = {
				ASSETCATALOG_COMPILER_APPICON_NAME = AppIcon;
				ASSETCATALOG_COMPILER_GLOBAL_ACCENT_COLOR_NAME = AccentColor;
				CODE_SIGN_STYLE = Automatic;
				CURRENT_PROJECT_VERSION = 1;
				DEVELOPMENT_ASSET_PATHS = "\"Scrumdinger/Preview Content\"";
				ENABLE_PREVIEWS = YES;
				GENERATE_INFOPLIST_FILE = YES;
				INFOPLIST_KEY_UIApplicationSceneManifest_Generation = YES;
				INFOPLIST_KEY_UIApplicationSupportsIndirectInputEvents = YES;
				INFOPLIST_KEY_UILaunchScreen_Generation = YES;
				INFOPLIST_KEY_UISupportedInterfaceOrientations_iPad = "UIInterfaceOrientationPortrait UIInterfaceOrientationPortraitUpsideDown UIInterfaceOrientationLandscapeLeft UIInterfaceOrientationLandscapeRight";
				INFOPLIST_KEY_UISupportedInterfaceOrientations_iPhone = "UIInterfaceOrientationPortrait UIInterfaceOrientationLandscapeLeft UIInterfaceOrientationLandscapeRight";
				LD_RUNPATH_SEARCH_PATHS = (
					"$(inherited)",
					"@executable_path/Frameworks",
				);
				MARKETING_VERSION = 1.0;
				PRODUCT_BUNDLE_IDENTIFIER = com.shermandigital.Scrumdinger;
				PRODUCT_NAME = "$(TARGET_NAME)";
				SWIFT_EMIT_LOC_STRINGS = YES;
				SWIFT_VERSION = 5.0;
				TARGETED_DEVICE_FAMILY = "1,2";
			};
			name = Release;
		};
/* End XCBuildConfiguration section */

/* Begin XCConfigurationList section */
		AA5625EE29ED992B003C98A8 /* Build configuration list for PBXProject "Scrumdinger" */ = {
			isa = XCConfigurationList;
			buildConfigurations = (
				AA5625FF29ED992D003C98A8 /* Debug */,
				AA56260029ED992D003C98A8 /* Release */,
			);
			defaultConfigurationIsVisible = 0;
			defaultConfigurationName = Release;
		};
		AA56260129ED992D003C98A8 /* Build configuration list for PBXNativeTarget "Scrumdinger" */ = {
			isa = XCConfigurationList;
			buildConfigurations = (
				AA56260229ED992D003C98A8 /* Debug */,
				AA56260329ED992D003C98A8 /* Release */,
			);
			defaultConfigurationIsVisible = 0;
			defaultConfigurationName = Release;
		};
/* End XCConfigurationList section */
	};
	rootObject = AA5625EB29ED992B003C98A8 /* Project object */;
}
